{
  "name": "SkillMatrix",
  "lockfileVersion": 3,
  "requires": true,
  "packages": {
    "": {
      "dependencies": {
        "stripe": "^22.6.1",
        "zod": "^4.5.4"
      }
    },
    "node_modules/stripe": {
      "version": "22.6.1",
      "resolved": "https://registry.npmjs.org/stripe/-/stripe-22.6.1.tgz",
      "integrity": "sha512-hAKSkGeVt2u46TRYhmnvwmVHxBNtOCJnPjc+SH5sP2B2ypElYzAAY3Ljx0Ar8C2w8nfpFQiZ95qoDCDsFkXMTA==",
      "license": "MIT",
      "engines": {
        "node": ">=18"
      },
      "peerDependencies": {
        "@types/node": ">=18"
      },
      "peerDependenciesMeta": {
        "@types/node": {
          "optional": true
        }
      }
    },
    "node_modules/zod": {
      "version": "4.5.4",
      "resolved": "https://registry.npmjs.org/zod/-/zod-4.5.4.tgz",
      "integrity": "sha512-sC95tT5iHHH9gtpj6A81kh+NEaRAUFN+qlUPDUbRfOMvNf5QCBqsb3WgvnpVtK5Y+4UfA6KqufotuTvMGiTlsA==",
      "license": "MIT",
      "funding": {
        "url": "https://github.com/sponsors/colinhacks"
      }
    }
  }
}
